{
  "name": "eventbridge-express",
  "version": "1.0.0",
  "lockfileVersion": 2,
  "requires": true,
  "packages": {
    "": {
      "name": "eventbridge-express",
      "version": "1.0.0",
      "license": "ISC",
      "dependencies": {
        "prettier": "^2.4.1",
        "prettier-airbnb-config": "^1.0.0"
      },
      "devDependencies": {}
    },
    "node_modules/prettier": {
      "version": "2.4.1",
      "resolved": "https://registry.npmjs.org/prettier/-/prettier-2.4.1.tgz",
      "integrity": "sha512-9fbDAXSBcc6Bs1mZrDYb3XKzDLm4EXXL9sC1LqKP5rZkT6KRr/rf9amVUcODVXgguK/isJz0d0hP72WeaKWsvA==",
      "bin": {
        "prettier": "bin-prettier.js"
      },
      "engines": {
        "node": ">=10.13.0"
      }
    },
    "node_modules/prettier-airbnb-config": {
      "version": "1.0.0",
      "resolved": "https://registry.npmjs.org/prettier-airbnb-config/-/prettier-airbnb-config-1.0.0.tgz",
      "integrity": "sha512-FsEe38fJftYi19AskzuOWbw8zBnXDcZwv2Uw8BI65ROyK4hE6+iojXVFu+FiYNfrRBL+UZJbl2XGk56Ur2QGsA==",
      "peerDependencies": {
        "prettier": "^1.18.2"
      }
    }
  },
  "dependencies": {
    "prettier": {
      "version": "2.4.1",
      "resolved": "https://registry.npmjs.org/prettier/-/prettier-2.4.1.tgz",
      "integrity": "sha512-9fbDAXSBcc6Bs1mZrDYb3XKzDLm4EXXL9sC1LqKP5rZkT6KRr/rf9amVUcODVXgguK/isJz0d0hP72WeaKWsvA=="
    },
    "prettier-airbnb-config": {
      "version": "1.0.0",
      "resolved": "https://registry.npmjs.org/prettier-airbnb-config/-/prettier-airbnb-config-1.0.0.tgz",
      "integrity": "sha512-FsEe38fJftYi19AskzuOWbw8zBnXDcZwv2Uw8BI65ROyK4hE6+iojXVFu+FiYNfrRBL+UZJbl2XGk56Ur2QGsA==",
      "requires": {}
    }
  }
}
